
Microsoft Visual Studio Solution File, Format Version 11.00
# Visual Studio 2010
Project("{FAE04EC0-301F-11D3-BF4B-00C04F79EFBC}") = "ConsoleApplication5", "ConsoleApplication5\ConsoleApplication5.csproj", "{B6A95036-FE0C-4919-A44D-026B8692D507}"
EndProject
Global
	GlobalSection(SolutionConfigurationPlatforms) = preSolution
		Debug|x86 = Debug|x86
		Release|x86 = Release|x86
	EndGlobalSection
	GlobalSection(ProjectConfigurationPlatforms) = postSolution
		{B6A95036-FE0C-4919-A44D-026B8692D507}.Debug|x86.ActiveCfg = Debug|x86
		{B6A95036-FE0C-4919-A44D-026B8692D507}.Debug|x86.Build.0 = Debug|x86
		{B6A95036-FE0C-4919-A44D-026B8692D507}.Release|x86.ActiveCfg = Release|x86
		{B6A95036-FE0C-4919-A44D-026B8692D507}.Release|x86.Build.0 = Release|x86
	EndGlobalSection
	GlobalSection(SolutionProperties) = preSolution
		HideSolutionNode = FALSE
	EndGlobalSection
EndGlobal
